<?xml version="1.0" encoding="utf-8"?>
<Project ToolsVersion="4.0" xmlns="http://schemas.microsoft.com/developer/msbuild/2003">
  <ItemGroup>
    <Filter Include="mdk">
      <UniqueIdentifier>{4a48b839-e700-4925-8db9-2970db5c82e5}</UniqueIdentifier>
    </Filter>
    <Filter Include="frame">
      <UniqueIdentifier>{a8c900ee-dc6d-4902-8279-9b39d6d56355}</UniqueIdentifier>
    </Filter>
    <Filter Include="frame\netserver">
      <UniqueIdentifier>{ffe023c9-ec8c-4839-b947-3d1af71f823f}</UniqueIdentifier>
    </Filter>
    <Filter Include="Classes">
      <UniqueIdentifier>{9e5e7b6a-0c6d-4d3e-936d-681978a09d4f}</UniqueIdentifier>
    </Filter>
    <Filter Include="Classes\game_server">
      <UniqueIdentifier>{95d48d06-2689-40bb-be4b-d0797c268be6}</UniqueIdentifier>
    </Filter>
    <Filter Include="utils">
      <UniqueIdentifier>{19062edc-b2e9-4e73-b466-36fb3fe49691}</UniqueIdentifier>
    </Filter>
    <Filter Include="utils\json">
      <UniqueIdentifier>{00f7121b-8e71-4d3c-8614-c573857c2682}</UniqueIdentifier>
    </Filter>
    <Filter Include="utils\json\internal">
      <UniqueIdentifier>{0bea5bcc-02be-4f48-b98f-471f1eca5a5c}</UniqueIdentifier>
    </Filter>
    <Filter Include="Classes\game_server\test">
      <UniqueIdentifier>{b4640487-89aa-4482-81b1-8cd37b73e028}</UniqueIdentifier>
    </Filter>
    <Filter Include="utils\db">
      <UniqueIdentifier>{6e63ab51-1dda-43db-9cc6-57c294f82ca9}</UniqueIdentifier>
    </Filter>
    <Filter Include="Classes\game_server\player">
      <UniqueIdentifier>{4fb473fb-94ad-4995-b377-11b5bdf4414b}</UniqueIdentifier>
    </Filter>
    <Filter Include="utils\core">
      <UniqueIdentifier>{90785c54-b5e9-4104-b731-6156a875cedc}</UniqueIdentifier>
    </Filter>
    <Filter Include="Classes\game_server\mahjong">
      <UniqueIdentifier>{79850c9a-a6b8-43e8-8dda-20ad865b4de2}</UniqueIdentifier>
    </Filter>
    <Filter Include="Classes\game_server\table">
      <UniqueIdentifier>{a4b141ab-e893-4c9a-a0ef-9d9ae978c3c8}</UniqueIdentifier>
    </Filter>
    <Filter Include="Classes\game_server\prop">
      <UniqueIdentifier>{1be29654-b4f2-49e9-9c0c-9a978b0a132d}</UniqueIdentifier>
    </Filter>
  </ItemGroup>
  <ItemGroup>
    <ClInclude Include="..\..\framework\include\mdk\atom.h">
      <Filter>mdk</Filter>
    </ClInclude>
    <ClInclude Include="..\..\framework\include\mdk\ConfigFile.h">
      <Filter>mdk</Filter>
    </ClInclude>
    <ClInclude Include="..\..\framework\include\mdk\Executor.h">
      <Filter>mdk</Filter>
    </ClInclude>
    <ClInclude Include="..\..\framework\include\mdk\FinishedTime.h">
      <Filter>mdk</Filter>
    </ClInclude>
    <ClInclude Include="..\..\framework\include\mdk\FixLengthInt.h">
      <Filter>mdk</Filter>
    </ClInclude>
    <ClInclude Include="..\..\framework\include\mdk\IOBuffer.h">
      <Filter>mdk</Filter>
    </ClInclude>
    <ClInclude Include="..\..\framework\include\mdk\IOBufferBlock.h">
      <Filter>mdk</Filter>
    </ClInclude>
    <ClInclude Include="..\..\framework\include\mdk\Lock.h">
      <Filter>mdk</Filter>
    </ClInclude>
    <ClInclude Include="..\..\framework\include\mdk\Logger.h">
      <Filter>mdk</Filter>
    </ClInclude>
    <ClInclude Include="..\..\framework\include\mdk\mapi.h">
      <Filter>mdk</Filter>
    </ClInclude>
    <ClInclude Include="..\..\framework\include\mdk\MemoryPool.h">
      <Filter>mdk</Filter>
    </ClInclude>
    <ClInclude Include="..\..\framework\include\mdk\Queue.h">
      <Filter>mdk</Filter>
    </ClInclude>
    <ClInclude Include="..\..\framework\include\mdk\SharedPtr.h">
      <Filter>mdk</Filter>
    </ClInclude>
    <ClInclude Include="..\..\framework\include\mdk\ShareMemory.h">
      <Filter>mdk</Filter>
    </ClInclude>
    <ClInclude Include="..\..\framework\include\mdk\Signal.h">
      <Filter>mdk</Filter>
    </ClInclude>
    <ClInclude Include="..\..\framework\include\mdk\Socket.h">
      <Filter>mdk</Filter>
    </ClInclude>
    <ClInclude Include="..\..\framework\include\mdk\SRWLock.h">
      <Filter>mdk</Filter>
    </ClInclude>
    <ClInclude Include="..\..\framework\include\mdk\Task.h">
      <Filter>mdk</Filter>
    </ClInclude>
    <ClInclude Include="..\..\framework\include\mdk\Thread.h">
      <Filter>mdk</Filter>
    </ClInclude>
    <ClInclude Include="..\..\framework\include\mdk\ThreadPool.h">
      <Filter>mdk</Filter>
    </ClInclude>
    <ClInclude Include="..\..\framework\include\frame\netserver\EpollFrame.h">
      <Filter>frame\netserver</Filter>
    </ClInclude>
    <ClInclude Include="..\..\framework\include\frame\netserver\EpollMonitor.h">
      <Filter>frame\netserver</Filter>
    </ClInclude>
    <ClInclude Include="..\..\framework\include\frame\netserver\HostData.h">
      <Filter>frame\netserver</Filter>
    </ClInclude>
    <ClInclude Include="..\..\framework\include\frame\netserver\IOCPFrame.h">
      <Filter>frame\netserver</Filter>
    </ClInclude>
    <ClInclude Include="..\..\framework\include\frame\netserver\IOCPMonitor.h">
      <Filter>frame\netserver</Filter>
    </ClInclude>
    <ClInclude Include="..\..\framework\include\frame\netserver\NetConnect.h">
      <Filter>frame\netserver</Filter>
    </ClInclude>
    <ClInclude Include="..\..\framework\include\frame\netserver\NetEngine.h">
      <Filter>frame\netserver</Filter>
    </ClInclude>
    <ClInclude Include="..\..\framework\include\frame\netserver\NetEventMonitor.h">
      <Filter>frame\netserver</Filter>
    </ClInclude>
    <ClInclude Include="..\..\framework\include\frame\netserver\NetHost.h">
      <Filter>frame\netserver</Filter>
    </ClInclude>
    <ClInclude Include="..\..\framework\include\frame\netserver\NetServer.h">
      <Filter>frame\netserver</Filter>
    </ClInclude>
    <ClInclude Include="..\..\framework\include\frame\netserver\STEpoll.h">
      <Filter>frame\netserver</Filter>
    </ClInclude>
    <ClInclude Include="..\..\framework\include\frame\netserver\STIocp.h">
      <Filter>frame\netserver</Filter>
    </ClInclude>
    <ClInclude Include="..\..\framework\include\frame\netserver\STNetConnect.h">
      <Filter>frame\netserver</Filter>
    </ClInclude>
    <ClInclude Include="..\..\framework\include\frame\netserver\STNetEngine.h">
      <Filter>frame\netserver</Filter>
    </ClInclude>
    <ClInclude Include="..\..\framework\include\frame\netserver\STNetHost.h">
      <Filter>frame\netserver</Filter>
    </ClInclude>
    <ClInclude Include="..\..\framework\include\frame\netserver\STNetServer.h">
      <Filter>frame\netserver</Filter>
    </ClInclude>
    <ClInclude Include="..\..\Classes\game_server\GameServer.h">
      <Filter>Classes\game_server</Filter>
    </ClInclude>
    <ClInclude Include="..\..\utils\json\internal\pow10.h">
      <Filter>utils\json\internal</Filter>
    </ClInclude>
    <ClInclude Include="..\..\utils\json\internal\stack.h">
      <Filter>utils\json\internal</Filter>
    </ClInclude>
    <ClInclude Include="..\..\utils\json\internal\strfunc.h">
      <Filter>utils\json\internal</Filter>
    </ClInclude>
    <ClInclude Include="..\..\utils\json\document.h">
      <Filter>utils\json</Filter>
    </ClInclude>
    <ClInclude Include="..\..\utils\json\filestream.h">
      <Filter>utils\json</Filter>
    </ClInclude>
    <ClInclude Include="..\..\utils\json\prettywriter.h">
      <Filter>utils\json</Filter>
    </ClInclude>
    <ClInclude Include="..\..\utils\json\rapidjson.h">
      <Filter>utils\json</Filter>
    </ClInclude>
    <ClInclude Include="..\..\utils\json\reader.h">
      <Filter>utils\json</Filter>
    </ClInclude>
    <ClInclude Include="..\..\utils\json\stringbuffer.h">
      <Filter>utils\json</Filter>
    </ClInclude>
    <ClInclude Include="..\..\utils\json\writer.h">
      <Filter>utils\json</Filter>
    </ClInclude>
    <ClInclude Include="..\..\Classes\game_server\OpCode.h">
      <Filter>Classes\game_server</Filter>
    </ClInclude>
    <ClInclude Include="..\..\Classes\game_server\test\TestDef.h">
      <Filter>Classes\game_server\test</Filter>
    </ClInclude>
    <ClInclude Include="..\..\utils\db\DBHandle.h">
      <Filter>utils\db</Filter>
    </ClInclude>
    <ClInclude Include="..\..\utils\db\DBMgr.h">
      <Filter>utils\db</Filter>
    </ClInclude>
    <ClInclude Include="..\..\Classes\game_server\player\PlayerManager.h">
      <Filter>Classes\game_server\player</Filter>
    </ClInclude>
    <ClInclude Include="..\..\Classes\game_server\player\Player.h">
      <Filter>Classes\game_server\player</Filter>
    </ClInclude>
    <ClInclude Include="..\..\Classes\game_server\player\PlayerDef.h">
      <Filter>Classes\game_server\player</Filter>
    </ClInclude>
    <ClInclude Include="..\..\utils\core\Buffer.h">
      <Filter>utils\core</Filter>
    </ClInclude>
    <ClInclude Include="..\..\utils\core\Cast.h">
      <Filter>utils\core</Filter>
    </ClInclude>
    <ClInclude Include="..\..\utils\core\FileUtil.h">
      <Filter>utils\core</Filter>
    </ClInclude>
    <ClInclude Include="..\..\utils\core\GException.h">
      <Filter>utils\core</Filter>
    </ClInclude>
    <ClInclude Include="..\..\utils\core\NetPacket.h">
      <Filter>utils\core</Filter>
    </ClInclude>
    <ClInclude Include="..\..\utils\core\PlatformMacros.h">
      <Filter>utils\core</Filter>
    </ClInclude>
    <ClInclude Include="..\..\utils\core\TypeDef.h">
      <Filter>utils\core</Filter>
    </ClInclude>
    <ClInclude Include="..\..\utils\db\AsynHandle.h">
      <Filter>utils\db</Filter>
    </ClInclude>
    <ClInclude Include="..\..\Classes\game_server\MsgDispatcher.h">
      <Filter>Classes\game_server</Filter>
    </ClInclude>
    <ClInclude Include="..\..\utils\core\DoubleBufferQueue.h">
      <Filter>utils\core</Filter>
    </ClInclude>
    <ClInclude Include="..\..\Classes\game_server\AsynGameTask.h">
      <Filter>Classes\game_server</Filter>
    </ClInclude>
    <ClInclude Include="..\..\Classes\game_server\AsynTaskManager.h">
      <Filter>Classes\game_server</Filter>
    </ClInclude>
    <ClInclude Include="..\..\utils\core\Singleton.h">
      <Filter>utils\core</Filter>
    </ClInclude>
    <ClInclude Include="..\..\Classes\game_server\table\Table.h">
      <Filter>Classes\game_server\table</Filter>
    </ClInclude>
    <ClInclude Include="..\..\Classes\game_server\mahjong\MahjongDef.h">
      <Filter>Classes\game_server\mahjong</Filter>
    </ClInclude>
    <ClInclude Include="..\..\Classes\game_server\prop\PropDef.h">
      <Filter>Classes\game_server\prop</Filter>
    </ClInclude>
    <ClInclude Include="..\..\utils\db\MySQLInterface.h">
      <Filter>utils\db</Filter>
    </ClInclude>
  </ItemGroup>
  <ItemGroup>
    <ClCompile Include="..\..\framework\source\mdk\atom.cpp">
      <Filter>mdk</Filter>
    </ClCompile>
    <ClCompile Include="..\..\framework\source\mdk\ConfigFile.cpp">
      <Filter>mdk</Filter>
    </ClCompile>
    <ClCompile Include="..\..\framework\source\mdk\Executor.cpp">
      <Filter>mdk</Filter>
    </ClCompile>
    <ClCompile Include="..\..\framework\source\mdk\FinishedTime.cpp">
      <Filter>mdk</Filter>
    </ClCompile>
    <ClCompile Include="..\..\framework\source\mdk\IOBuffer.cpp">
      <Filter>mdk</Filter>
    </ClCompile>
    <ClCompile Include="..\..\framework\source\mdk\IOBufferBlock.cpp">
      <Filter>mdk</Filter>
    </ClCompile>
    <ClCompile Include="..\..\framework\source\mdk\Lock.cpp">
      <Filter>mdk</Filter>
    </ClCompile>
    <ClCompile Include="..\..\framework\source\mdk\Logger.cpp">
      <Filter>mdk</Filter>
    </ClCompile>
    <ClCompile Include="..\..\framework\source\mdk\mapi.cpp">
      <Filter>mdk</Filter>
    </ClCompile>
    <ClCompile Include="..\..\framework\source\mdk\MemoryPool.cpp">
      <Filter>mdk</Filter>
    </ClCompile>
    <ClCompile Include="..\..\framework\source\mdk\Queue.cpp">
      <Filter>mdk</Filter>
    </ClCompile>
    <ClCompile Include="..\..\framework\source\mdk\ShareMemory.cpp">
      <Filter>mdk</Filter>
    </ClCompile>
    <ClCompile Include="..\..\framework\source\mdk\Signal.cpp">
      <Filter>mdk</Filter>
    </ClCompile>
    <ClCompile Include="..\..\framework\source\mdk\Socket.cpp">
      <Filter>mdk</Filter>
    </ClCompile>
    <ClCompile Include="..\..\framework\source\mdk\SRWLock.cpp">
      <Filter>mdk</Filter>
    </ClCompile>
    <ClCompile Include="..\..\framework\source\mdk\Task.cpp">
      <Filter>mdk</Filter>
    </ClCompile>
    <ClCompile Include="..\..\framework\source\mdk\Thread.cpp">
      <Filter>mdk</Filter>
    </ClCompile>
    <ClCompile Include="..\..\framework\source\mdk\ThreadPool.cpp">
      <Filter>mdk</Filter>
    </ClCompile>
    <ClCompile Include="..\..\framework\source\frame\netserver\EpollFrame.cpp">
      <Filter>frame\netserver</Filter>
    </ClCompile>
    <ClCompile Include="..\..\framework\source\frame\netserver\EpollMonitor.cpp">
      <Filter>frame\netserver</Filter>
    </ClCompile>
    <ClCompile Include="..\..\framework\source\frame\netserver\HostData.cpp">
      <Filter>frame\netserver</Filter>
    </ClCompile>
    <ClCompile Include="..\..\framework\source\frame\netserver\IOCPFrame.cpp">
      <Filter>frame\netserver</Filter>
    </ClCompile>
    <ClCompile Include="..\..\framework\source\frame\netserver\IOCPMonitor.cpp">
      <Filter>frame\netserver</Filter>
    </ClCompile>
    <ClCompile Include="..\..\framework\source\frame\netserver\NetConnect.cpp">
      <Filter>frame\netserver</Filter>
    </ClCompile>
    <ClCompile Include="..\..\framework\source\frame\netserver\NetEngine.cpp">
      <Filter>frame\netserver</Filter>
    </ClCompile>
    <ClCompile Include="..\..\framework\source\frame\netserver\NetEventMonitor.cpp">
      <Filter>frame\netserver</Filter>
    </ClCompile>
    <ClCompile Include="..\..\framework\source\frame\netserver\NetHost.cpp">
      <Filter>frame\netserver</Filter>
    </ClCompile>
    <ClCompile Include="..\..\framework\source\frame\netserver\NetServer.cpp">
      <Filter>frame\netserver</Filter>
    </ClCompile>
    <ClCompile Include="..\..\framework\source\frame\netserver\STEpoll.cpp">
      <Filter>frame\netserver</Filter>
    </ClCompile>
    <ClCompile Include="..\..\framework\source\frame\netserver\STIocp.cpp">
      <Filter>frame\netserver</Filter>
    </ClCompile>
    <ClCompile Include="..\..\framework\source\frame\netserver\STNetConnect.cpp">
      <Filter>frame\netserver</Filter>
    </ClCompile>
    <ClCompile Include="..\..\framework\source\frame\netserver\STNetEngine.cpp">
      <Filter>frame\netserver</Filter>
    </ClCompile>
    <ClCompile Include="..\..\framework\source\frame\netserver\STNetHost.cpp">
      <Filter>frame\netserver</Filter>
    </ClCompile>
    <ClCompile Include="..\..\framework\source\frame\netserver\STNetServer.cpp">
      <Filter>frame\netserver</Filter>
    </ClCompile>
    <ClCompile Include="..\..\Classes\main.cpp">
      <Filter>Classes</Filter>
    </ClCompile>
    <ClCompile Include="..\..\Classes\game_server\GameServer.cpp">
      <Filter>Classes\game_server</Filter>
    </ClCompile>
    <ClCompile Include="..\..\utils\db\DBHandle.cpp">
      <Filter>utils\db</Filter>
    </ClCompile>
    <ClCompile Include="..\..\utils\db\DBMgr.cpp">
      <Filter>utils\db</Filter>
    </ClCompile>
    <ClCompile Include="..\..\Classes\game_server\player\PlayerManager.cpp">
      <Filter>Classes\game_server\player</Filter>
    </ClCompile>
    <ClCompile Include="..\..\Classes\game_server\player\Player.cpp">
      <Filter>Classes\game_server\player</Filter>
    </ClCompile>
    <ClCompile Include="..\..\utils\core\Buffer.cpp">
      <Filter>utils\core</Filter>
    </ClCompile>
    <ClCompile Include="..\..\utils\core\Cast.cpp">
      <Filter>utils\core</Filter>
    </ClCompile>
    <ClCompile Include="..\..\utils\core\FileUtil.cpp">
      <Filter>utils\core</Filter>
    </ClCompile>
    <ClCompile Include="..\..\utils\core\GException.cpp">
      <Filter>utils\core</Filter>
    </ClCompile>
    <ClCompile Include="..\..\utils\core\NetPacket.cpp">
      <Filter>utils\core</Filter>
    </ClCompile>
    <ClCompile Include="..\..\utils\db\AsynHandle.cpp">
      <Filter>utils\db</Filter>
    </ClCompile>
    <ClCompile Include="..\..\Classes\game_server\MsgDispatcher.cpp">
      <Filter>Classes\game_server</Filter>
    </ClCompile>
    <ClCompile Include="..\..\Classes\game_server\AsynGameTask.cpp">
      <Filter>Classes\game_server</Filter>
    </ClCompile>
    <ClCompile Include="..\..\Classes\game_server\AsynTaskManager.cpp">
      <Filter>Classes\game_server</Filter>
    </ClCompile>
    <ClCompile Include="..\..\Classes\game_server\table\Table.cpp">
      <Filter>Classes\game_server\table</Filter>
    </ClCompile>
    <ClCompile Include="..\..\utils\db\MySQLInterface.cpp">
      <Filter>utils\db</Filter>
    </ClCompile>
  </ItemGroup>
</Project>